{
  "name": "adaptable-text",
  "version": "3.1.0",
  "lockfileVersion": 2,
  "requires": true,
  "packages": {
    "": {
      "name": "adaptable-text",
      "version": "3.1.0",
      "funding": [
        {
          "type": "individual",
          "url": "https://paypal.me/dmnsgn"
        },
        {
          "type": "individual",
          "url": "https://commerce.coinbase.com/checkout/56cbdf28-e323-48d8-9c98-7019e72c97f3"
        }
      ],
      "license": "MIT",
      "dependencies": {
        "clamp": "^1.0.1"
      },
      "devDependencies": {
        "es-module-shims": "^1.8.2"
      },
      "engines": {
        "node": ">=15.0.0",
        "npm": ">=7.0.0"
      }
    },
    "node_modules/clamp": {
      "version": "1.0.1",
      "resolved": "https://registry.npmjs.org/clamp/-/clamp-1.0.1.tgz",
      "integrity": "sha1-ZqDmQBGBbjcZaCj9yMjBRzEshjQ="
    },
    "node_modules/es-module-shims": {
      "version": "1.8.2",
      "resolved": "https://registry.npmjs.org/es-module-shims/-/es-module-shims-1.8.2.tgz",
      "integrity": "sha512-7vIYVzpOhXtpc3Yn03itB+GSgVZFW7oL4kdydA+iL+IEi7HiSLBUxM05QFw4SxTl6e++pMpGqZPo2+vdNs3TbA==",
      "dev": true
    }
  },
  "dependencies": {
    "clamp": {
      "version": "1.0.1",
      "resolved": "https://registry.npmjs.org/clamp/-/clamp-1.0.1.tgz",
      "integrity": "sha1-ZqDmQBGBbjcZaCj9yMjBRzEshjQ="
    },
    "es-module-shims": {
      "version": "1.8.2",
      "resolved": "https://registry.npmjs.org/es-module-shims/-/es-module-shims-1.8.2.tgz",
      "integrity": "sha512-7vIYVzpOhXtpc3Yn03itB+GSgVZFW7oL4kdydA+iL+IEi7HiSLBUxM05QFw4SxTl6e++pMpGqZPo2+vdNs3TbA==",
      "dev": true
    }
  }
}
